<Solution>
  <Project Path="src/MiniPty/MiniPty.csproj" />
  <Project Path="src/MiniPty.Benchmarks/MiniPty.Benchmarks.csproj" />
  <Project Path="src/MiniPty.Benchmarks.Child/MiniPty.Benchmarks.Child.csproj" />
  <Project Path="src/MiniPty.Capture/MiniPty.Capture.csproj" />
  <Project Path="src/MiniPty.Console/MiniPty.Console.csproj" />
  <Project Path="src/MiniPty.Terminal/MiniPty.Terminal.csproj" />
  <Project Path="tests/MiniPty.Tests/MiniPty.Tests.csproj" />
</Solution>
